
Microsoft Visual Studio Solution File, Format Version 12.00
# Visual Studio 14
VisualStudioVersion = 14.0.23107.0
MinimumVisualStudioVersion = 10.0.40219.1
Project("{2150E333-8FDC-42A3-9474-1A3956D46DE8}") = ".paket", ".paket", "{6F736A25-18F0-4439-820F-609D17C926E6}"
	ProjectSection(SolutionItems) = preProject
		paket.dependencies = paket.dependencies
		paket.lock = paket.lock
	EndProjectSection
EndProject
Project("{CC5FD16D-436D-48AD-A40C-5A424C6E3E79}") = "SuaveCloudService", "SuaveCloudService\SuaveCloudService.ccproj", "{05F6A3D7-C707-4FB8-A235-BB30D59427C4}"
EndProject
Project("{F2A71F9B-5D33-465A-A702-920D77279786}") = "SuaveWorker", "SuaveWorker\SuaveWorker.fsproj", "{86C79E0A-0C7B-4EDD-915C-C01C8247C5C8}"
EndProject
Global
	GlobalSection(SolutionConfigurationPlatforms) = preSolution
		Debug|Any CPU = Debug|Any CPU
		Release|Any CPU = Release|Any CPU
	EndGlobalSection
	GlobalSection(ProjectConfigurationPlatforms) = postSolution
		{05F6A3D7-C707-4FB8-A235-BB30D59427C4}.Debug|Any CPU.ActiveCfg = Debug|Any CPU
		{05F6A3D7-C707-4FB8-A235-BB30D59427C4}.Debug|Any CPU.Build.0 = Debug|Any CPU
		{05F6A3D7-C707-4FB8-A235-BB30D59427C4}.Release|Any CPU.ActiveCfg = Release|Any CPU
		{05F6A3D7-C707-4FB8-A235-BB30D59427C4}.Release|Any CPU.Build.0 = Release|Any CPU
		{86C79E0A-0C7B-4EDD-915C-C01C8247C5C8}.Debug|Any CPU.ActiveCfg = Debug|Any CPU
		{86C79E0A-0C7B-4EDD-915C-C01C8247C5C8}.Debug|Any CPU.Build.0 = Debug|Any CPU
		{86C79E0A-0C7B-4EDD-915C-C01C8247C5C8}.Release|Any CPU.ActiveCfg = Release|Any CPU
		{86C79E0A-0C7B-4EDD-915C-C01C8247C5C8}.Release|Any CPU.Build.0 = Release|Any CPU
	EndGlobalSection
	GlobalSection(SolutionProperties) = preSolution
		HideSolutionNode = FALSE
	EndGlobalSection
EndGlobal
